
Microsoft Visual Studio Solution File, Format Version 12.00
# Visual Studio Version 17
VisualStudioVersion = 17.6.33829.357
MinimumVisualStudioVersion = 10.0.40219.1
Project("{FAE04EC0-301F-11D3-BF4B-00C04F79EFBC}") = "pronti.sofia.4i.rubrica", "pronti.sofia.4i.rubrica\pronti.sofia.4i.rubrica.csproj", "{FEA6C517-7821-4E76-868A-AC387BD69449}"
EndProject
Global
	GlobalSection(SolutionConfigurationPlatforms) = preSolution
		Debug|Any CPU = Debug|Any CPU
		Release|Any CPU = Release|Any CPU
	EndGlobalSection
	GlobalSection(ProjectConfigurationPlatforms) = postSolution
		{FEA6C517-7821-4E76-868A-AC387BD69449}.Debug|Any CPU.ActiveCfg = Debug|Any CPU
		{FEA6C517-7821-4E76-868A-AC387BD69449}.Debug|Any CPU.Build.0 = Debug|Any CPU
		{FEA6C517-7821-4E76-868A-AC387BD69449}.Release|Any CPU.ActiveCfg = Release|Any CPU
		{FEA6C517-7821-4E76-868A-AC387BD69449}.Release|Any CPU.Build.0 = Release|Any CPU
	EndGlobalSection
	GlobalSection(SolutionProperties) = preSolution
		HideSolutionNode = FALSE
	EndGlobalSection
	GlobalSection(ExtensibilityGlobals) = postSolution
		SolutionGuid = {0F2F12B5-FE4C-4D05-A69D-9D9A7ABA8AC5}
	EndGlobalSection
EndGlobal
